
Microsoft Visual Studio Solution File, Format Version 12.00
# Visual Studio 2012
Project("{FAE04EC0-301F-11D3-BF4B-00C04F79EFBC}") = "TrafficLightController", "TrafficLightController\TrafficLightController.csproj", "{9AD609F0-CE02-4617-AC60-C04BDACCB3E8}"
EndProject
Project("{FAE04EC0-301F-11D3-BF4B-00C04F79EFBC}") = "TrafficLightDemo", "TrafficLightDemo\TrafficLightDemo.csproj", "{00156C37-2448-4693-AC16-ED64D604F9A4}"
EndProject
Global
	GlobalSection(SolutionConfigurationPlatforms) = preSolution
		Debug|Any CPU = Debug|Any CPU
		Release|Any CPU = Release|Any CPU
	EndGlobalSection
	GlobalSection(ProjectConfigurationPlatforms) = postSolution
		{9AD609F0-CE02-4617-AC60-C04BDACCB3E8}.Debug|Any CPU.ActiveCfg = Debug|Any CPU
		{9AD609F0-CE02-4617-AC60-C04BDACCB3E8}.Debug|Any CPU.Build.0 = Debug|Any CPU
		{9AD609F0-CE02-4617-AC60-C04BDACCB3E8}.Release|Any CPU.ActiveCfg = Release|Any CPU
		{9AD609F0-CE02-4617-AC60-C04BDACCB3E8}.Release|Any CPU.Build.0 = Release|Any CPU
		{00156C37-2448-4693-AC16-ED64D604F9A4}.Debug|Any CPU.ActiveCfg = Debug|Any CPU
		{00156C37-2448-4693-AC16-ED64D604F9A4}.Debug|Any CPU.Build.0 = Debug|Any CPU
		{00156C37-2448-4693-AC16-ED64D604F9A4}.Release|Any CPU.ActiveCfg = Release|Any CPU
		{00156C37-2448-4693-AC16-ED64D604F9A4}.Release|Any CPU.Build.0 = Release|Any CPU
	EndGlobalSection
	GlobalSection(SolutionProperties) = preSolution
		HideSolutionNode = FALSE
	EndGlobalSection
EndGlobal
